{
  "lockfileVersion": 1,
  "configVersion": 1,
  "workspaces": {
    "": {
      "name": "@sroussey/talisman",
      "dependencies": {
        "html-entities": "^2.6.0",
        "lodash": "^4.17.21",
        "long": "^5.3.2",
        "mnemonist": "^0.40.4",
        "obliterator": "^2.0.5",
        "pandemonium": "^2.4.1",
      },
      "devDependencies": {
        "@types/bun": "^1.4.0",
        "@types/lodash": "^4.17.20",
        "@types/node": "^24.0.0",
        "@types/seedrandom": "^3.0.8",
        "citation-js": "^0.8.2",
        "leven": "^4.1.0",
        "seedrandom": "^3.0.5",
        "typescript": "^5.9.3",
      },
    },
  },
  "packages": {
    "@citation-js/cli": ["@citation-js/cli@0.8.2", "", { "dependencies": { "@citation-js/core": "^0.8.2", "@citation-js/plugin-bibjson": "^0.8.2", "@citation-js/plugin-bibtex": "^0.8.2", "@citation-js/plugin-csl": "^0.8.2", "@citation-js/plugin-doi": "^0.8.2", "@citation-js/plugin-ris": "^0.8.2", "@citation-js/plugin-wikidata": "^0.8.2", "commander": "^14.0.3" }, "bin": { "citation-js": "lib/index.js" } }, "sha512-l5kttoaAE+NkEhCQp/traSviKWJVDwbAY1ok/TyljTTJflHEZeImjhm/8CT3e4mrdFg6E1BaejeCDboFZSFZQA=="],

    "@citation-js/core": ["@citation-js/core@0.8.2", "", { "dependencies": { "@citation-js/date": "^0.5.0", "@citation-js/name": "^0.4.2", "node-fetch": "^3.3.2", "sync-fetch": "^0.6.0" } }, "sha512-poAcV+QQOsoZ8TGqR0B76D/G2DrnMnVeAROIpNsgavm1wECTupj3a4WqbiGje2KzuZLQ496e2ZD1pl9twzyM4g=="],

    "@citation-js/date": ["@citation-js/date@0.5.1", "", {}, "sha512-1iDKAZ4ie48PVhovsOXQ+C6o55dWJloXqtznnnKy6CltJBQLIuLLuUqa8zlIvma0ZigjVjgDUhnVaNU1MErtZw=="],

    "@citation-js/name": ["@citation-js/name@0.4.2", "", {}, "sha512-brSPsjs2fOVzSnARLKu0qncn6suWjHVQtrqSUrnqyaRH95r/Ad4wPF5EsoWr+Dx8HzkCGb/ogmoAzfCsqlTwTQ=="],

    "@citation-js/plugin-bibjson": ["@citation-js/plugin-bibjson@0.8.2", "", { "dependencies": { "@citation-js/date": "^0.5.0", "@citation-js/name": "^0.4.2" }, "peerDependencies": { "@citation-js/core": "^0.8.0" } }, "sha512-1Zfk05n7JkdNmp7BTNrB+P3gQsd+9d2Tsb3+/Rz8hqNiwXpWffU7tuP9wmqqD21beOGt7njiXS7o5LBNXmw6cw=="],

    "@citation-js/plugin-bibtex": ["@citation-js/plugin-bibtex@0.8.2", "", { "dependencies": { "@citation-js/date": "^0.5.0", "@citation-js/name": "^0.4.2", "moo": "^0.5.1" }, "peerDependencies": { "@citation-js/core": "^0.8.0" } }, "sha512-H9NXF5jTXxIvpc/87I9Lz79QZ02q5O+WKSSNetK5RiDkxeCo6USt44uOTeHkuFEkVWUpb9ol0T8GSwXdGl+/bw=="],

    "@citation-js/plugin-csl": ["@citation-js/plugin-csl@0.8.2", "", { "dependencies": { "@citation-js/date": "^0.5.0", "citeproc": "^2.4.6" }, "peerDependencies": { "@citation-js/core": "^0.8.0" } }, "sha512-MHdPrhsbsitWST4tP+bxk4vSSYoPfbxah01fZvxv23qm/FjyW6yJCEpkV/x3f2ofT+v4RN0OEBQboN/MTIyPyQ=="],

    "@citation-js/plugin-doi": ["@citation-js/plugin-doi@0.8.2", "", { "dependencies": { "@citation-js/date": "^0.5.0" }, "peerDependencies": { "@citation-js/core": "^0.8.0" } }, "sha512-Q3KbFRhf7Y4BvZjHfFFSz7ZVRds3h9WvR9cNxGVLH3kuT6p2M8MT45fpjzi+FUQSHi5KcLKtT/fML14VuTgvgw=="],

    "@citation-js/plugin-ris": ["@citation-js/plugin-ris@0.8.2", "", { "dependencies": { "@citation-js/date": "^0.5.0", "@citation-js/name": "^0.4.2" }, "peerDependencies": { "@citation-js/core": "^0.8.0" } }, "sha512-y10o2CAElniVN613/9KYeLGHyWy0ZUlSYKcNruWP6BmQlDjRhR3n/xDbiiWJrAXosw9Z0yF1Xicw/aRzxS1Ywg=="],

    "@citation-js/plugin-wikidata": ["@citation-js/plugin-wikidata@0.8.2", "", { "dependencies": { "@citation-js/date": "^0.5.0", "@citation-js/name": "^0.4.2", "@larsgw/wikibase-sdk": "^10.2.1" }, "peerDependencies": { "@citation-js/core": "^0.8.0" } }, "sha512-6zxoxo34ZxFEcCV3d0SjyM1y45sGRTevAFMxqRp4rcDXli8L+TCevv9/xuNsd1VnGg48lYV2caVjxwTOCOM8wQ=="],

    "@larsgw/wikibase-sdk": ["@larsgw/wikibase-sdk@10.2.1", "", {}, "sha512-tn5SsNJnM/zwe0sW+oKBZIJVlQSaq0hIWbZ3F0Zxnhh/AsgqZseP63xRGmwdgkvpI8NyRfjvdMQnzIavTMPglA=="],

    "@types/bun": ["@types/bun@1.4.0", "", { "dependencies": { "bun-types": "1.4.0" } }, "sha512-K+lZULY23vRgK/CfTjFIV+tyifaNdSMlPh9j+6mQ/cLfpOznLyAuzgV/JQysyECpkBQLVMSyvjlr2fBUSA9wFQ=="],

    "@types/lodash": ["@types/lodash@4.17.25", "", {}, "sha512-+K1NIO8I+F9/wNulfVvu23QYd0Pe9/OCqRrim4NoYIf1VoEDL90Ve4ClzpyqBLc7NpGGWRvYNCKZ1BE/Jpf8dQ=="],

    "@types/node": ["@types/node@24.13.3", "", { "dependencies": { "undici-types": "~7.18.0" } }, "sha512-Dh8vAsV36ig5wa9OX4pXvMc9D3Veibfw2wix0CUwYODLD8nkj9UsLjASr49nPg+2eKzxhBV+v7L8pXvT4e639Q=="],

    "@types/seedrandom": ["@types/seedrandom@3.0.8", "", {}, "sha512-TY1eezMU2zH2ozQoAFAQFOPpvP15g+ZgSfTZt31AUUH/Rxtnz3H+A/Sv1Snw2/amp//omibc+AEkTaA8KUeOLQ=="],

    "@yarnpkg/lockfile": ["@yarnpkg/lockfile@1.1.0", "", {}, "sha512-GpSwvyXOcOOlV70vbnzjj4fW5xW/FdUF6nQEt1ENy7m4ZCczi1+/buVUPAqmGfqznsORNFzUMjctTIp8a9tuCQ=="],

    "ansi-styles": ["ansi-styles@4.3.0", "", { "dependencies": { "color-convert": "^2.0.1" } }, "sha512-zbB9rCJAT1rbjiVDb2hqKFHNYLxgtk8NURxZ3IZwD3F6NtxbXZQCnnSi1Lkx+IDohdPlFp222wVALIheZJQSEg=="],

    "braces": ["braces@3.0.3", "", { "dependencies": { "fill-range": "^7.1.1" } }, "sha512-yQbXgO/OSZVD2IsiLlro+7Hf6Q18EJrKSEsdoMzKePKXct3gvD8oLcOQdIzGupr5Fj+EDe8gO/lxc1BzfMpxvA=="],

    "bun-types": ["bun-types@1.4.0", "", { "dependencies": { "@types/node": "*" } }, "sha512-iIKw23BspnQQYd3prITOBxeUsxBHnwzX6YJfGMuNOZzeNcMmVqzIIVGRm1l69ogaPQmb4wB6BN8mA5bE9YuC5Q=="],

    "call-bind": ["call-bind@1.0.9", "", { "dependencies": { "call-bind-apply-helpers": "^1.0.2", "es-define-property": "^1.0.1", "get-intrinsic": "^1.3.0", "set-function-length": "^1.2.2" } }, "sha512-a/hy+pNsFUTR+Iz8TCJvXudKVLAnz/DyeSUo10I5yvFDQJBFU2s9uqQpoSrJlroHUKoKqzg+epxyP9lqFdzfBQ=="],

    "call-bind-apply-helpers": ["call-bind-apply-helpers@1.0.2", "", { "dependencies": { "es-errors": "^1.3.0", "function-bind": "^1.1.2" } }, "sha512-Sp1ablJ0ivDkSzjcaJdxEunN5/XvksFJ2sMBFfq6x0ryhQV/2b/KwFe21cMpmHtPOSij8K99/wSfoEuTObmuMQ=="],

    "call-bound": ["call-bound@1.0.4", "", { "dependencies": { "call-bind-apply-helpers": "^1.0.2", "get-intrinsic": "^1.3.0" } }, "sha512-+ys997U96po4Kx/ABpBCqhA9EuxJaQWDQg7295H4hBphv3IZg0boBKuwYpt4YXp6MZ5AmZQnU/tyMTlRpaSejg=="],

    "chalk": ["chalk@4.1.2", "", { "dependencies": { "ansi-styles": "^4.1.0", "supports-color": "^7.1.0" } }, "sha512-oKnbhFyRIXpUuez8iBMmyEa4nbj4IOQyuhc/wy9kY7/WVPcwIO9VA668Pu8RkO7+0G76SLROeyw9CpQ061i4mA=="],

    "ci-info": ["ci-info@3.9.0", "", {}, "sha512-NIxF55hv4nSqQswkAeiOi1r83xy8JldOFDTWiug55KBu9Jnblncd2U6ViHmYgHf01TPZS77NJBhBMKdWj9HQMQ=="],

    "citation-js": ["citation-js@0.8.2", "", { "dependencies": { "@citation-js/cli": "0.8.2", "@citation-js/core": "0.8.2", "@citation-js/date": "0.5.1", "@citation-js/name": "0.4.2", "@citation-js/plugin-bibjson": "0.8.2", "@citation-js/plugin-bibtex": "0.8.2", "@citation-js/plugin-csl": "0.8.2", "@citation-js/plugin-doi": "0.8.2", "@citation-js/plugin-ris": "0.8.2", "@citation-js/plugin-wikidata": "0.8.2", "citeproc": "^2.4.59", "patch-package": "^8.0.1" }, "bin": { "citation-js": "bin/cmd.js" } }, "sha512-B/dftx0j+Gg+SAnjYXm1TK73NG5SCI0y9fb2zg68hG+/dhMPfvx9V5sdHNyVtwQcITNsTPveIvtwzryE2sCn1A=="],

    "citeproc": ["citeproc@2.4.63", "", {}, "sha512-68F95Bp4UbgZU/DBUGQn0qV3HDZLCdI9+Bb2ByrTaNJDL5VEm9LqaiNaxljsvoaExSLEXe1/r6n2Z06SCzW3/Q=="],

    "color-convert": ["color-convert@2.0.1", "", { "dependencies": { "color-name": "~1.1.4" } }, "sha512-RRECPsj7iu/xb5oKYcsFHSppFNnsj/52OVTRKb4zP5onXwVF3zVmmToNcOfGC+CRDpfK/U584fMg38ZHCaElKQ=="],

    "color-name": ["color-name@1.1.4", "", {}, "sha512-dOy+3AuW3a2wNbZHIuMZpTcgjGuLU/uBL/ubcZF9OXbDo8ff4O8yVp5Bf0efS8uEoYo5q4Fx7dY9OgQGXgAsQA=="],

    "commander": ["commander@14.0.3", "", {}, "sha512-H+y0Jo/T1RZ9qPP4Eh1pkcQcLRglraJaSLoyOtHxu6AapkjWVCy2Sit1QQ4x3Dng8qDlSsZEet7g5Pq06MvTgw=="],

    "cross-spawn": ["cross-spawn@7.0.6", "", { "dependencies": { "path-key": "^3.1.0", "shebang-command": "^2.0.0", "which": "^2.0.1" } }, "sha512-uV2QOWP2nWzsy2aMp8aRibhi9dlzF5Hgh5SHaB9OiTGEyDTiJJyx0uy51QXdyWbtAHNua4XJzUKca3OzKUd3vA=="],

    "data-uri-to-buffer": ["data-uri-to-buffer@4.0.1", "", {}, "sha512-0R9ikRb668HB7QDxT1vkpuUBtqc53YyAwMwGeUFKRojY/NWKvdZ+9UYtRfGmhqNbRkTSVpMbmyhXipFFv2cb/A=="],

    "define-data-property": ["define-data-property@1.1.4", "", { "dependencies": { "es-define-property": "^1.0.0", "es-errors": "^1.3.0", "gopd": "^1.0.1" } }, "sha512-rBMvIzlpA8v6E+SJZoo++HAYqsLrkg7MSfIinMPFhmkorw7X+dOXVJQs+QT69zGkzMyfDnIMN2Wid1+NbL3T+A=="],

    "dunder-proto": ["dunder-proto@1.0.1", "", { "dependencies": { "call-bind-apply-helpers": "^1.0.1", "es-errors": "^1.3.0", "gopd": "^1.2.0" } }, "sha512-KIN/nDJBQRcXw0MLVhZE9iQHmG68qAVIBg9CqmUYjmQIhgij9U5MFvrqkUL5FbtyyzZuOeOt0zdeRe4UY7ct+A=="],

    "es-define-property": ["es-define-property@1.0.1", "", {}, "sha512-e3nRfgfUZ4rNGL232gUgX06QNyyez04KdjFrF+LTRoOXmrOgFKDg4BCdsjW8EnT69eqdYGmRpJwiPVYNrCaW3g=="],

    "es-errors": ["es-errors@1.3.0", "", {}, "sha512-Zf5H2Kxt2xjTvbJvP2ZWLEICxA6j+hAmMzIlypy4xcBg1vKVnx89Wy0GbS+kf5cwCVFFzdCFh2XSCFNULS6csw=="],

    "es-object-atoms": ["es-object-atoms@1.1.2", "", { "dependencies": { "es-errors": "^1.3.0" } }, "sha512-HWcBoN6NileqtSydK2FqHbS/LoDd2pqrnQHLyJzBj4kOp/ky2MWMN694xOfkK8/SnUsW2DH7EfyVlydKCsm1Zw=="],

    "fetch-blob": ["fetch-blob@3.2.0", "", { "dependencies": { "node-domexception": "^1.0.0", "web-streams-polyfill": "^3.0.3" } }, "sha512-7yAQpD2UMJzLi1Dqv7qFYnPbaPx7ZfFK6PiIxQ4PfkGPyNyl2Ugx+a/umUonmKqjhM4DnfbMvdX6otXq83soQQ=="],

    "fill-range": ["fill-range@7.1.1", "", { "dependencies": { "to-regex-range": "^5.0.1" } }, "sha512-YsGpe3WHLK8ZYi4tWDg2Jy3ebRz2rXowDxnld4bkQB00cc/1Zw9AWnC0i9ztDJitivtQvaI9KaLyKrc+hBW0yg=="],

    "find-yarn-workspace-root": ["find-yarn-workspace-root@2.0.0", "", { "dependencies": { "micromatch": "^4.0.2" } }, "sha512-1IMnbjt4KzsQfnhnzNd8wUEgXZ44IzZaZmnLYx7D5FZlaHt2gW20Cri8Q+E/t5tIj4+epTBub+2Zxu/vNILzqQ=="],

    "formdata-polyfill": ["formdata-polyfill@4.0.10", "", { "dependencies": { "fetch-blob": "^3.1.2" } }, "sha512-buewHzMvYL29jdeQTVILecSaZKnt/RJWjoZCF5OW60Z67/GmSLBkOFM7qh1PI3zFNtJbaZL5eQu1vLfazOwj4g=="],

    "fs-extra": ["fs-extra@10.1.0", "", { "dependencies": { "graceful-fs": "^4.2.0", "jsonfile": "^6.0.1", "universalify": "^2.0.0" } }, "sha512-oRXApq54ETRj4eMiFzGnHWGy+zo5raudjuxN0b8H7s/RU2oW0Wvsx9O0ACRN/kRq9E8Vu/ReskGB5o3ji+FzHQ=="],

    "function-bind": ["function-bind@1.1.2", "", {}, "sha512-7XHNxH7qX9xG5mIwxkhumTox/MIRNcOgDrxWsMt2pAr23WHp6MrRlN7FBSFpCpr+oVO0F744iUgR82nJMfG2SA=="],

    "get-intrinsic": ["get-intrinsic@1.3.0", "", { "dependencies": { "call-bind-apply-helpers": "^1.0.2", "es-define-property": "^1.0.1", "es-errors": "^1.3.0", "es-object-atoms": "^1.1.1", "function-bind": "^1.1.2", "get-proto": "^1.0.1", "gopd": "^1.2.0", "has-symbols": "^1.1.0", "hasown": "^2.0.2", "math-intrinsics": "^1.1.0" } }, "sha512-9fSjSaos/fRIVIp+xSJlE6lfwhES7LNtKaCBIamHsjr2na1BiABJPo0mOjjz8GJDURarmCPGqaiVg5mfjb98CQ=="],

    "get-proto": ["get-proto@1.0.1", "", { "dependencies": { "dunder-proto": "^1.0.1", "es-object-atoms": "^1.0.0" } }, "sha512-sTSfBjoXBp89JvIKIefqw7U2CCebsc74kiY6awiGogKtoSGbgjYE/G/+l9sF3MWFPNc9IcoOC4ODfKHfxFmp0g=="],

    "gopd": ["gopd@1.2.0", "", {}, "sha512-ZUKRh6/kUFoAiTAtTYPZJ3hw9wNxx+BIBOijnlG9PnrJsCcSjs1wyyD6vJpaYtgnzDrKYRSqf3OO6Rfa93xsRg=="],

    "graceful-fs": ["graceful-fs@4.2.11", "", {}, "sha512-RbJ5/jmFcNNCcDV5o9eTnBLJ/HszWV0P73bc+Ff4nS/rJj+YaS6IGyiOL0VoBYX+l1Wrl3k63h/KrH+nhJ0XvQ=="],

    "has-flag": ["has-flag@4.0.0", "", {}, "sha512-EykJT/Q1KjTWctppgIAgfSO0tKVuZUjhgMr17kqTumMl6Afv3EISleU7qZUzoXDFTAHTDC4NOoG/ZxU3EvlMPQ=="],

    "has-property-descriptors": ["has-property-descriptors@1.0.2", "", { "dependencies": { "es-define-property": "^1.0.0" } }, "sha512-55JNKuIW+vq4Ke1BjOTjM2YctQIvCT7GFzHwmfZPGo5wnrgkid0YQtnAleFSqumZm4az3n2BS+erby5ipJdgrg=="],

    "has-symbols": ["has-symbols@1.1.0", "", {}, "sha512-1cDNdwJ2Jaohmb3sg4OmKaMBwuC48sYni5HUw2DvsC8LjGTLK9h+eb1X6RyuOHe4hT0ULCW68iomhjUoKUqlPQ=="],

    "hasown": ["hasown@2.0.4", "", { "dependencies": { "function-bind": "^1.1.2" } }, "sha512-T2UbfbBEF32wiepXIsMlTW9+dDYC6wMh/t/vYA4tuOMKqWz/n3vr1NFSxQiyP+zk2mXsoMA/i/7qV6LKut1t1A=="],

    "html-entities": ["html-entities@2.6.0", "", {}, "sha512-kig+rMn/QOVRvr7c86gQ8lWXq+Hkv6CbAH1hLu+RG338StTpE8Z0b44SDVaqVu7HGKf27frdmUYEs9hTUX/cLQ=="],

    "is-docker": ["is-docker@2.2.1", "", { "bin": { "is-docker": "cli.js" } }, "sha512-F+i2BKsFrH66iaUFc0woD8sLy8getkwTwtOBjvs56Cx4CgJDeKQeqfz8wAYiSb8JOprWhHH5p77PbmYCvvUuXQ=="],

    "is-number": ["is-number@7.0.0", "", {}, "sha512-41Cifkg6e8TylSpdtTpeLVMqvSBEVzTttHvERD741+pnZ8ANv0004MRL43QKPDlK9cGvNp6NZWZUBlbGXYxxng=="],

    "is-wsl": ["is-wsl@2.2.0", "", { "dependencies": { "is-docker": "^2.0.0" } }, "sha512-fKzAra0rGJUUBwGBgNkHZuToZcn+TtXHpeCgmkMJMMYx1sQDYaCSyjJBSCa2nH1DGm7s3n1oBnohoVTBaN7Lww=="],

    "isarray": ["isarray@2.0.5", "", {}, "sha512-xHjhDr3cNBK0BzdUJSPXZntQUx/mwMS5Rw4A7lPJ90XGAO6ISP/ePDNuo0vhqOZU+UD5JoodwCAAoZQd3FeAKw=="],

    "isexe": ["isexe@2.0.0", "", {}, "sha512-RHxMLp9lnKHGHRng9QFhRCMbYAcVpn69smSGcq3f36xjgVVWThj4qqLbTLlq7Ssj8B+fIQ1EuCEGI2lKsyQeIw=="],

    "json-stable-stringify": ["json-stable-stringify@1.3.0", "", { "dependencies": { "call-bind": "^1.0.8", "call-bound": "^1.0.4", "isarray": "^2.0.5", "jsonify": "^0.0.1", "object-keys": "^1.1.1" } }, "sha512-qtYiSSFlwot9XHtF9bD9c7rwKjr+RecWT//ZnPvSmEjpV5mmPOCN4j8UjY5hbjNkOwZ/jQv3J6R1/pL7RwgMsg=="],

    "jsonfile": ["jsonfile@6.2.1", "", { "dependencies": { "universalify": "^2.0.0" }, "optionalDependencies": { "graceful-fs": "^4.1.6" } }, "sha512-zwOTdL3rFQ/lRdBnntKVOX6k5cKJwEc1HdilT71BWEu7J41gXIB2MRp+vxduPSwZJPWBxEzv4yH1wYLJGUHX4Q=="],

    "jsonify": ["jsonify@0.0.1", "", {}, "sha512-2/Ki0GcmuqSrgFyelQq9M05y7PS0mEwuIzrf3f1fPqkVDVRvZrPZtVSMHxdgo8Aq0sxAOb/cr2aqqA3LeWHVPg=="],

    "klaw-sync": ["klaw-sync@6.0.0", "", { "dependencies": { "graceful-fs": "^4.1.11" } }, "sha512-nIeuVSzdCCs6TDPTqI8w1Yre34sSq7AkZ4B3sfOBbI2CgVSB4Du4aLQijFU2+lhAFCwt9+42Hel6lQNIv6AntQ=="],

    "leven": ["leven@4.1.0", "", {}, "sha512-KZ9W9nWDT7rF7Dazg8xyLHGLrmpgq2nVNFUckhqdW3szVP6YhCpp/RAnpmVExA9JvrMynjwSLVrEj3AepHR6ew=="],

    "lodash": ["lodash@4.18.1", "", {}, "sha512-dMInicTPVE8d1e5otfwmmjlxkZoUpiVLwyeTdUsi/Caj/gfzzblBcCE5sRHV/AsjuCmxWrte2TNGSYuCeCq+0Q=="],

    "long": ["long@5.3.2", "", {}, "sha512-mNAgZ1GmyNhD7AuqnTG3/VQ26o760+ZYBPKjPvugO8+nLbYfX6TVpJPseBvopbdY+qpZ/lKUnmEc1LeZYS3QAA=="],

    "math-intrinsics": ["math-intrinsics@1.1.0", "", {}, "sha512-/IXtbwEk5HTPyEwyKX6hGkYXxM9nbj64B+ilVJnC/R6B0pH5G4V3b0pVbL7DBj4tkhBAppbQUlf6F6Xl9LHu1g=="],

    "micromatch": ["micromatch@4.0.8", "", { "dependencies": { "braces": "^3.0.3", "picomatch": "^2.3.1" } }, "sha512-PXwfBhYu0hBCPw8Dn0E+WDYb7af3dSLVWKi3HGv84IdF4TyFoC0ysxFd0Goxw7nSv4T/PzEJQxsYsEiFCKo2BA=="],

    "minimist": ["minimist@1.2.8", "", {}, "sha512-2yyAR8qBkN3YuheJanUpWC5U3bb5osDywNB8RzDVlDwDHbocAJveqqj1u8+SVD7jkWT4yvsHCpWqqWqAxb0zCA=="],

    "mnemonist": ["mnemonist@0.40.4", "", { "dependencies": { "obliterator": "^2.0.4" } }, "sha512-ZAv+KNavneRVzu4tUeOgzkScI3W5BGwZ3rkxIpKtzzVgfTtWQFN1CgX0U72cyvyh3iTuHL3SiSmrQxTlryEIcw=="],

    "moo": ["moo@0.5.3", "", {}, "sha512-m2fmM2dDm7GZQsY7KK2cme8agi+AAljILjQnof7p1ZMDe6dQ4bdnSMx0cPppudoeNv5hEFQirN6u+O4fDE0IWA=="],

    "node-domexception": ["node-domexception@1.0.0", "", {}, "sha512-/jKZoMpw0F8GRwl4/eLROPA3cfcXtLApP0QzLmUT/HuPCZWyB7IY9ZrMeKw2O/nFIqPQB3PVM9aYm0F312AXDQ=="],

    "node-fetch": ["node-fetch@3.3.2", "", { "dependencies": { "data-uri-to-buffer": "^4.0.0", "fetch-blob": "^3.1.4", "formdata-polyfill": "^4.0.10" } }, "sha512-dRB78srN/l6gqWulah9SrxeYnxeddIG30+GOqK/9OlLVyLg3HPnr6SqOWTWOXKRwC2eGYCkZ59NNuSgvSrpgOA=="],

    "object-keys": ["object-keys@1.1.1", "", {}, "sha512-NuAESUOUMrlIXOfHKzD6bpPu3tYt3xvjNdRIQ+FeT0lNb4K8WR70CaDxhuNguS2XG+GjkyMwOzsN5ZktImfhLA=="],

    "obliterator": ["obliterator@2.0.5", "", {}, "sha512-42CPE9AhahZRsMNslczq0ctAEtqk8Eka26QofnqC346BZdHDySk3LWka23LI7ULIw11NmltpiLagIq8gBozxTw=="],

    "open": ["open@7.4.2", "", { "dependencies": { "is-docker": "^2.0.0", "is-wsl": "^2.1.1" } }, "sha512-MVHddDVweXZF3awtlAS+6pgKLlm/JgxZ90+/NBurBoQctVOOB/zDdVjcyPzQ+0laDGbsWgrRkflI65sQeOgT9Q=="],

    "pandemonium": ["pandemonium@2.4.1", "", { "dependencies": { "mnemonist": "^0.39.2" } }, "sha512-wRqjisUyiUfXowgm7MFH2rwJzKIr20rca5FsHXCMNm1W5YPP1hCtrZfgmQ62kP7OZ7Xt+cR858aB28lu5NX55g=="],

    "patch-package": ["patch-package@8.0.1", "", { "dependencies": { "@yarnpkg/lockfile": "^1.1.0", "chalk": "^4.1.2", "ci-info": "^3.7.0", "cross-spawn": "^7.0.3", "find-yarn-workspace-root": "^2.0.0", "fs-extra": "^10.0.0", "json-stable-stringify": "^1.0.2", "klaw-sync": "^6.0.0", "minimist": "^1.2.6", "open": "^7.4.2", "semver": "^7.5.3", "slash": "^2.0.0", "tmp": "^0.2.4", "yaml": "^2.2.2" }, "bin": { "patch-package": "index.js" } }, "sha512-VsKRIA8f5uqHQ7NGhwIna6Bx6D9s/1iXlA1hthBVBEbkq+t4kXD0HHt+rJhf/Z+Ci0F/HCB2hvn0qLdLG+Qxlw=="],

    "path-key": ["path-key@3.1.1", "", {}, "sha512-ojmeN0qd+y0jszEtoY48r0Peq5dwMEkIlCOu6Q5f41lfkswXuKtYrhgoTpLnyIcHm24Uhqx+5Tqm2InSwLhE6Q=="],

    "picomatch": ["picomatch@2.3.2", "", {}, "sha512-V7+vQEJ06Z+c5tSye8S+nHUfI51xoXIXjHQ99cQtKUkQqqO1kO/KCJUfZXuB47h/YBlDhah2H3hdUGXn8ie0oA=="],

    "seedrandom": ["seedrandom@3.0.5", "", {}, "sha512-8OwmbklUNzwezjGInmZ+2clQmExQPvomqjL7LFqOYqtmuxRgQYqOD3mHaU+MvZn5FLUeVxVfQjwLZW/n/JFuqg=="],

    "semver": ["semver@7.8.5", "", { "bin": { "semver": "bin/semver.js" } }, "sha512-Y7/KDsb8LjooZpwaqGyulO6DQlksgCncchHGk+sZIY4SBvUocMBEFH5Ur1fI4dV+Jvl0w6cjvucaIi40puRioA=="],

    "set-function-length": ["set-function-length@1.2.2", "", { "dependencies": { "define-data-property": "^1.1.4", "es-errors": "^1.3.0", "function-bind": "^1.1.2", "get-intrinsic": "^1.2.4", "gopd": "^1.0.1", "has-property-descriptors": "^1.0.2" } }, "sha512-pgRc4hJ4/sNjWCSS9AmnS40x3bNMDTknHgL5UaMBTMyJnU90EgWh1Rz+MC9eFu4BuN/UwZjKQuY/1v3rM7HMfg=="],

    "shebang-command": ["shebang-command@2.0.0", "", { "dependencies": { "shebang-regex": "^3.0.0" } }, "sha512-kHxr2zZpYtdmrN1qDjrrX/Z1rR1kG8Dx+gkpK1G4eXmvXswmcE1hTWBWYUzlraYw1/yZp6YuDY77YtvbN0dmDA=="],

    "shebang-regex": ["shebang-regex@3.0.0", "", {}, "sha512-7++dFhtcx3353uBaq8DDR4NuxBetBzC7ZQOhmTQInHEd6bSrXdiEyzCvG07Z44UYdLShWUyXt5M/yhz8ekcb1A=="],

    "slash": ["slash@2.0.0", "", {}, "sha512-ZYKh3Wh2z1PpEXWr0MpSBZ0V6mZHAQfYevttO11c51CaWjGTaadiKZ+wVt1PbMlDV5qhMFslpZCemhwOK7C89A=="],

    "supports-color": ["supports-color@7.2.0", "", { "dependencies": { "has-flag": "^4.0.0" } }, "sha512-qpCAvRl9stuOHveKsn7HncJRvv501qIacKzQlO/+Lwxc9+0q2wLyv4Dfvt80/DPn2pqOBsJdDiogXGR9+OvwRw=="],

    "sync-fetch": ["sync-fetch@0.6.0", "", { "dependencies": { "node-fetch": "^3.3.2", "timeout-signal": "^2.0.0", "whatwg-mimetype": "^4.0.0" } }, "sha512-IELLEvzHuCfc1uTsshPK58ViSdNqXxlml1U+fmwJIKLYKOr/rAtBrorE2RYm5IHaMpDNlmC0fr1LAvdXvyheEQ=="],

    "timeout-signal": ["timeout-signal@2.0.0", "", {}, "sha512-YBGpG4bWsHoPvofT6y/5iqulfXIiIErl5B0LdtHT1mGXDFTAhhRrbUpTvBgYbovr+3cKblya2WAOcpoy90XguA=="],

    "tmp": ["tmp@0.2.7", "", {}, "sha512-e0votIpp4Uo2AJYSzVHV6xCcawuiez3DzqDAbrTc3YxBkplN6e+dM13ZeIcZnDg/QpSuU2zfZ3rzwY8ukEnaXw=="],

    "to-regex-range": ["to-regex-range@5.0.1", "", { "dependencies": { "is-number": "^7.0.0" } }, "sha512-65P7iz6X5yEr1cwcgvQxbbIw7Uk3gOy5dIdtZ4rDveLqhrdJP+Li/Hx6tyK0NEb+2GCyneCMJiGqrADCSNk8sQ=="],

    "typescript": ["typescript@5.9.3", "", { "bin": { "tsc": "bin/tsc", "tsserver": "bin/tsserver" } }, "sha512-jl1vZzPDinLr9eUt3J/t7V6FgNEw9QjvBPdysz9KfQDD41fQrC2Y4vKQdiaUpFT4bXlb1RHhLpp8wtm6M5TgSw=="],

    "undici-types": ["undici-types@7.18.2", "", {}, "sha512-AsuCzffGHJybSaRrmr5eHr81mwJU3kjw6M+uprWvCXiNeN9SOGwQ3Jn8jb8m3Z6izVgknn1R0FTCEAP2QrLY/w=="],

    "universalify": ["universalify@2.0.1", "", {}, "sha512-gptHNQghINnc/vTGIk0SOFGFNXw7JVrlRUtConJRlvaw6DuX0wO5Jeko9sWrMBhh+PsYAZ7oXAiOnf/UKogyiw=="],

    "web-streams-polyfill": ["web-streams-polyfill@3.3.3", "", {}, "sha512-d2JWLCivmZYTSIoge9MsgFCZrt571BikcWGYkjC1khllbTeDlGqZ2D8vD8E/lJa8WGWbb7Plm8/XJYV7IJHZZw=="],

    "whatwg-mimetype": ["whatwg-mimetype@4.0.0", "", {}, "sha512-QaKxh0eNIi2mE9p2vEdzfagOKHCcj1pJ56EEHGQOVxp8r9/iszLUUV7v89x9O1p/T+NlTM5W7jW6+cz4Fq1YVg=="],

    "which": ["which@2.0.2", "", { "dependencies": { "isexe": "^2.0.0" }, "bin": { "node-which": "./bin/node-which" } }, "sha512-BLI3Tl1TW3Pvl70l3yq3Y64i+awpwXqsGBYWkkqMtnbXgrMD+yj7rhW0kuEDxzJaYXGjEW5ogapKNMEKNMjibA=="],

    "yaml": ["yaml@2.9.0", "", { "bin": { "yaml": "bin.mjs" } }, "sha512-2AvhNX3mb8zd6Zy7INTtSpl1F15HW6Wnqj0srWlkKLcpYl/gMIMJiyuGq2KeI2YFxUPjdlB+3Lc10seMLtL4cA=="],

    "pandemonium/mnemonist": ["mnemonist@0.39.8", "", { "dependencies": { "obliterator": "^2.0.1" } }, "sha512-vyWo2K3fjrUw8YeeZ1zF0fy6Mu59RHokURlld8ymdUPjMlD9EC9ov1/YPqTgqRvUN9nTr3Gqfz29LYAmu0PHPQ=="],
  }
}
